importers:
  .:
    specifiers: {}
  packages/apply-selection:
    dependencies:
      '@fantastic-images/types': 'link:../../../fantastic-images/packages/types'
      '@types/fabric': 3.6.8
      '@ui5/shared-lib': 'link:../../../ui5-monorepo/packages/shared-lib'
    devDependencies:
      '@types/react': 16.9.49
      '@types/react-dom': 16.9.8
      tslib: 2.0.1
      typescript: 4.0.3
    specifiers:
      '@fantastic-images/types': 'link:../../../fantastic-images/packages/types'
      '@types/fabric': ^3.6.8
      '@types/react': ^16.9.49
      '@types/react-dom': ^16.9.8
      '@ui5/shared-lib': 'link:../../../ui5-monorepo/packages/shared-lib'
      tslib: ^2.0.1
      typescript: ^4.0.2
  packages/block-canvas:
    dependencies:
      '@fantastic-images/core': 'link:../../../fantastic-images/packages/core'
      '@ui5/shared-lib': 'link:../../../ui5-monorepo/packages/shared-lib'
    devDependencies:
      '@types/fabric': 3.6.8
      '@types/react': 16.9.49
      '@types/react-dom': 16.9.8
      tslib: 2.0.1
      typescript: 4.0.3
    specifiers:
      '@fantastic-images/core': 'link:../../../fantastic-images/packages/core'
      '@types/fabric': ^3.6.8
      '@types/react': ^16.9.49
      '@types/react-dom': ^16.9.8
      '@ui5/shared-lib': 'link:../../../ui5-monorepo/packages/shared-lib'
      tslib: ^2.0.1
      typescript: ^4.0.2
  packages/block-header:
    dependencies:
      '@fantastic-images/types': 'link:../../../fantastic-images/packages/types'
      '@ui5/react-user-interface': 'link:../../../ui5-monorepo/packages/react-user-interface'
      '@ui5/shared-lib': 'link:../../../ui5-monorepo/packages/shared-lib'
    devDependencies:
      '@types/react': 16.9.49
      '@types/react-dom': 16.9.8
      tslib: 2.0.1
      typescript: 4.0.3
    specifiers:
      '@fantastic-images/types': 'link:../../../fantastic-images/packages/types'
      '@types/react': ^16.9.49
      '@types/react-dom': ^16.9.8
      '@ui5/react-user-interface': 'link:../../../ui5-monorepo/packages/react-user-interface'
      '@ui5/shared-lib': 'link:../../../ui5-monorepo/packages/shared-lib'
      tslib: ^2.0.1
      typescript: ^4.0.2
  packages/block-left:
    dependencies:
      '@ui5/react-user-interface': 'link:../../../ui5-monorepo/packages/react-user-interface'
      '@ui5/shared-lib': 'link:../../../ui5-monorepo/packages/shared-lib'
    devDependencies:
      '@types/react': 16.9.49
      '@types/react-dom': 16.9.8
      tslib: 2.0.1
      typescript: 4.0.3
    specifiers:
      '@types/react': ^16.9.49
      '@types/react-dom': ^16.9.8
      '@ui5/react-user-interface': 'link:../../../ui5-monorepo/packages/react-user-interface'
      '@ui5/shared-lib': 'link:../../../ui5-monorepo/packages/shared-lib'
      tslib: ^2.0.1
      typescript: ^4.0.2
  packages/block-right:
    dependencies:
      '@ui5/react-user-interface': 'link:../../../ui5-monorepo/packages/react-user-interface'
      '@ui5/shared-lib': 'link:../../../ui5-monorepo/packages/shared-lib'
    devDependencies:
      '@types/react': 16.9.49
      '@types/react-dom': 16.9.8
      tslib: 2.0.1
      typescript: 4.0.3
    specifiers:
      '@types/react': ^16.9.49
      '@types/react-dom': ^16.9.8
      '@ui5/react-user-interface': 'link:../../../ui5-monorepo/packages/react-user-interface'
      '@ui5/shared-lib': 'link:../../../ui5-monorepo/packages/shared-lib'
      tslib: ^2.0.1
      typescript: ^4.0.2
  packages/inspect-object:
    dependencies:
      '@fantastic-images/types': 'link:../../../fantastic-images/packages/types'
      '@ui5/react-user-interface': 'link:../../../ui5-monorepo/packages/react-user-interface'
      '@ui5/shared-lib': 'link:../../../ui5-monorepo/packages/shared-lib'
    devDependencies:
      '@types/fabric': 3.6.8
      '@types/react': 16.9.49
      '@types/react-dom': 16.9.8
      '@types/styled-components': 5.1.3
      tslib: 2.0.1
      typescript: 4.0.3
    specifiers:
      '@fantastic-images/types': 'link:../../../fantastic-images/packages/types'
      '@types/fabric': ^3.6.8
      '@types/react': ^16.9.49
      '@types/react-dom': ^16.9.8
      '@types/styled-components': ^5.1.3
      '@ui5/react-user-interface': 'link:../../../ui5-monorepo/packages/react-user-interface'
      '@ui5/shared-lib': 'link:../../../ui5-monorepo/packages/shared-lib'
      tslib: ^2.0.1
      typescript: ^4.0.2
  packages/inspect-object-alignment:
    dependencies:
      '@fantastic-images/types': 'link:../../../fantastic-images/packages/types'
      '@ui5/react-user-interface': 'link:../../../ui5-monorepo/packages/react-user-interface'
      '@ui5/shared-lib': 'link:../../../ui5-monorepo/packages/shared-lib'
    devDependencies:
      '@types/react': 16.9.49
      '@types/react-dom': 16.9.8
      tslib: 2.0.1
      typescript: 4.0.3
    specifiers:
      '@fantastic-images/types': 'link:../../../fantastic-images/packages/types'
      '@types/react': ^16.9.49
      '@types/react-dom': ^16.9.8
      '@ui5/react-user-interface': 'link:../../../ui5-monorepo/packages/react-user-interface'
      '@ui5/shared-lib': 'link:../../../ui5-monorepo/packages/shared-lib'
      tslib: ^2.0.1
      typescript: ^4.0.2
  packages/inspect-object-fill:
    dependencies:
      '@ui5/react-user-interface': 'link:../../../ui5-monorepo/packages/react-user-interface'
      '@ui5/shared-lib': 'link:../../../ui5-monorepo/packages/shared-lib'
    devDependencies:
      '@types/react': 16.9.49
      '@types/react-dom': 16.9.8
      tslib: 2.0.1
      typescript: 4.0.3
    specifiers:
      '@types/react': ^16.9.49
      '@types/react-dom': ^16.9.8
      '@ui5/react-user-interface': 'link:../../../ui5-monorepo/packages/react-user-interface'
      '@ui5/shared-lib': 'link:../../../ui5-monorepo/packages/shared-lib'
      tslib: ^2.0.1
      typescript: ^4.0.2
  packages/inspect-object-font:
    dependencies:
      '@ui5/react-user-interface': 'link:../../../ui5-monorepo/packages/react-user-interface'
      '@ui5/shared-lib': 'link:../../../ui5-monorepo/packages/shared-lib'
    devDependencies:
      '@types/react': 16.9.49
      '@types/react-dom': 16.9.8
      tslib: 2.0.1
      typescript: 4.0.3
    specifiers:
      '@types/react': ^16.9.49
      '@types/react-dom': ^16.9.8
      '@ui5/react-user-interface': 'link:../../../ui5-monorepo/packages/react-user-interface'
      '@ui5/shared-lib': 'link:../../../ui5-monorepo/packages/shared-lib'
      tslib: ^2.0.1
      typescript: ^4.0.2
  packages/inspect-object-image-src:
    dependencies:
      '@ui5/shared-lib': 'link:../../../ui5-monorepo/packages/shared-lib'
    devDependencies:
      '@types/react': 16.9.49
      '@types/react-dom': 16.9.8
      tslib: 2.0.1
      typescript: 4.0.3
    specifiers:
      '@types/react': ^16.9.49
      '@types/react-dom': ^16.9.8
      '@ui5/shared-lib': 'link:../../../ui5-monorepo/packages/shared-lib'
      tslib: ^2.0.1
      typescript: ^4.0.2
  packages/inspect-object-position:
    dependencies:
      '@ui5/react-user-interface': 'link:../../../ui5-monorepo/packages/react-user-interface'
      '@ui5/shared-lib': 'link:../../../ui5-monorepo/packages/shared-lib'
    devDependencies:
      '@types/react': 16.9.49
      '@types/react-dom': 16.9.8
      tslib: 2.0.1
      typescript: 4.0.3
    specifiers:
      '@types/react': ^16.9.49
      '@types/react-dom': ^16.9.8
      '@ui5/react-user-interface': 'link:../../../ui5-monorepo/packages/react-user-interface'
      '@ui5/shared-lib': 'link:../../../ui5-monorepo/packages/shared-lib'
      tslib: ^2.0.1
      typescript: ^4.0.2
  packages/inspect-object-text-content:
    dependencies:
      '@ui5/shared-lib': 'link:../../../ui5-monorepo/packages/shared-lib'
    devDependencies:
      '@types/react': 16.9.49
      '@types/react-dom': 16.9.8
      tslib: 2.0.1
      typescript: 4.0.3
    specifiers:
      '@types/react': ^16.9.49
      '@types/react-dom': ^16.9.8
      '@ui5/shared-lib': 'link:../../../ui5-monorepo/packages/shared-lib'
      tslib: ^2.0.1
      typescript: ^4.0.2
  packages/list-objects:
    dependencies:
      '@fantastic-images/lib': 'link:../../../fantastic-images/packages/lib'
      '@ui5/react-user-interface': 'link:../../../ui5-monorepo/packages/react-user-interface'
      '@ui5/shared-lib': 'link:../../../ui5-monorepo/packages/shared-lib'
    devDependencies:
      '@types/fabric': 3.6.8
      '@types/react': 16.9.49
      '@types/react-dom': 16.9.8
      tslib: 2.0.1
      typescript: 4.0.3
    specifiers:
      '@fantastic-images/lib': 'link:../../../fantastic-images/packages/lib'
      '@types/fabric': ^3.6.8
      '@types/react': ^16.9.49
      '@types/react-dom': ^16.9.8
      '@ui5/react-user-interface': 'link:../../../ui5-monorepo/packages/react-user-interface'
      '@ui5/shared-lib': 'link:../../../ui5-monorepo/packages/shared-lib'
      tslib: ^2.0.1
      typescript: ^4.0.2
  packages/list-static:
    dependencies:
      '@fantastic-images/lib': 'link:../../../fantastic-images/packages/lib'
      '@fantastic-images/types': 'link:../../../fantastic-images/packages/types'
      '@ui5/react-user-interface': 'link:../../../ui5-monorepo/packages/react-user-interface'
      '@ui5/shared-lib': 'link:../../../ui5-monorepo/packages/shared-lib'
    devDependencies:
      '@types/react': 16.9.49
      '@types/react-dom': 16.9.8
      tslib: 2.0.1
      typescript: 4.0.3
    specifiers:
      '@fantastic-images/lib': 'link:../../../fantastic-images/packages/lib'
      '@fantastic-images/types': 'link:../../../fantastic-images/packages/types'
      '@types/react': ^16.9.49
      '@types/react-dom': ^16.9.8
      '@ui5/react-user-interface': 'link:../../../ui5-monorepo/packages/react-user-interface'
      '@ui5/shared-lib': 'link:../../../ui5-monorepo/packages/shared-lib'
      tslib: ^2.0.1
      typescript: ^4.0.2
  packages/plugin-pan:
    dependencies:
      '@ui5/shared-lib': 'link:../../../ui5-monorepo/packages/shared-lib'
    devDependencies:
      '@types/fabric': 3.6.8
      '@types/react': 16.9.49
      '@types/react-dom': 16.9.8
      tslib: 2.0.1
      typescript: 4.0.3
    specifiers:
      '@types/fabric': ^3.6.8
      '@types/react': ^16.9.49
      '@types/react-dom': ^16.9.8
      '@ui5/shared-lib': 'link:../../../ui5-monorepo/packages/shared-lib'
      tslib: ^2.0.1
      typescript: ^4.0.2
  packages/plugin-sync-objects:
    dependencies:
      '@fantastic-images/lib': 'link:../../../fantastic-images/packages/lib'
      '@ui5/shared-lib': 'link:../../../ui5-monorepo/packages/shared-lib'
    devDependencies:
      '@types/fabric': 3.6.8
      '@types/react': 16.9.49
      '@types/react-dom': 16.9.8
      tslib: 2.0.1
      typescript: 4.0.3
    specifiers:
      '@fantastic-images/lib': 'link:../../../fantastic-images/packages/lib'
      '@types/fabric': ^3.6.8
      '@types/react': ^16.9.49
      '@types/react-dom': ^16.9.8
      '@ui5/shared-lib': 'link:../../../ui5-monorepo/packages/shared-lib'
      tslib: ^2.0.1
      typescript: ^4.0.2
  packages/plugin-sync-selection:
    dependencies:
      '@ui5/shared-lib': 'link:../../../ui5-monorepo/packages/shared-lib'
    devDependencies:
      '@types/fabric': 3.6.8
      '@types/react': 16.9.49
      '@types/react-dom': 16.9.8
      tslib: 2.0.1
      typescript: 4.0.3
    specifiers:
      '@types/fabric': ^3.6.8
      '@types/react': ^16.9.49
      '@types/react-dom': ^16.9.8
      '@ui5/shared-lib': 'link:../../../ui5-monorepo/packages/shared-lib'
      tslib: ^2.0.1
      typescript: ^4.0.2
  packages/plugin-zoom:
    dependencies:
      '@fantastic-images/types': 'link:../../../fantastic-images/packages/types'
      '@ui5/shared-lib': 'link:../../../ui5-monorepo/packages/shared-lib'
      deep-equal: 2.0.3
    devDependencies:
      '@types/fabric': 3.6.8
      '@types/react': 16.9.49
      '@types/react-dom': 16.9.8
      tslib: 2.0.1
      typescript: 4.0.3
    specifiers:
      '@fantastic-images/types': 'link:../../../fantastic-images/packages/types'
      '@types/fabric': ^3.6.8
      '@types/react': ^16.9.49
      '@types/react-dom': ^16.9.8
      '@ui5/shared-lib': 'link:../../../ui5-monorepo/packages/shared-lib'
      deep-equal: ^2.0.3
      tslib: ^2.0.1
      typescript: ^4.0.2
  packages/sketch:
    dependencies:
      '@ui5/react-user-interface': 'link:../../../ui5-monorepo/packages/react-user-interface'
      '@ui5/shared-lib': 'link:../../../ui5-monorepo/packages/shared-lib'
    devDependencies:
      '@types/react': 16.9.49
      '@types/react-dom': 16.9.8
      tslib: 2.0.1
      typescript: 4.0.3
    specifiers:
      '@types/react': ^16.9.49
      '@types/react-dom': ^16.9.8
      '@ui5/react-user-interface': 'link:../../../ui5-monorepo/packages/react-user-interface'
      '@ui5/shared-lib': 'link:../../../ui5-monorepo/packages/shared-lib'
      tslib: ^2.0.1
      typescript: ^4.0.2
  packages/smart-render:
    dependencies:
      '@fantastic-images/core': 'link:../../../fantastic-images/packages/core'
      '@fantastic-images/types': 'link:../../../fantastic-images/packages/types'
      '@ui5/shared-lib': 'link:../../../ui5-monorepo/packages/shared-lib'
      deep-equal: 2.0.3
    devDependencies:
      '@types/deep-equal': 1.0.1
      '@types/fabric': 3.6.8
      '@types/react': 16.9.49
      '@types/react-dom': 16.9.8
      tslib: 2.0.1
      typescript: 4.0.3
    specifiers:
      '@fantastic-images/core': 'link:../../../fantastic-images/packages/core'
      '@fantastic-images/types': 'link:../../../fantastic-images/packages/types'
      '@types/deep-equal': ^1.0.1
      '@types/fabric': ^3.6.8
      '@types/react': ^16.9.49
      '@types/react-dom': ^16.9.8
      '@ui5/shared-lib': 'link:../../../ui5-monorepo/packages/shared-lib'
      deep-equal: ^2.0.3
      tslib: ^2.0.1
      typescript: ^4.0.2
lockfileVersion: 5.1
packages:
  /@types/deep-equal/1.0.1:
    dev: true
    resolution:
      integrity: sha512-mMUu4nWHLBlHtxXY17Fg6+ucS/MnndyOWyOe7MmwkoMYxvfQU2ajtRaEvqSUv+aVkMqH/C0NCI8UoVfRNQ10yg==
  /@types/fabric/3.6.8:
    resolution:
      integrity: sha512-EqRgmWXQ0Hh9JKH8M0KyoeFLBt1TuQ88cLICynd8xXWM052mINp1ijdfvFY/jCN5QMI6ctv2gbI1kBkDFETSSQ==
  /@types/hoist-non-react-statics/3.3.1:
    dependencies:
      '@types/react': 16.9.49
      hoist-non-react-statics: 3.3.2
    dev: true
    resolution:
      integrity: sha512-iMIqiko6ooLrTh1joXodJK5X9xeEALT1kM5G3ZLhD3hszxBdIEd5C75U834D9mLcINgD4OyZf5uQXjkuYydWvA==
  /@types/prop-types/15.7.3:
    dev: true
    resolution:
      integrity: sha512-KfRL3PuHmqQLOG+2tGpRO26Ctg+Cq1E01D2DMriKEATHgWLfeNDmq9e29Q9WIky0dQ3NPkd1mzYH8Lm936Z9qw==
  /@types/react-dom/16.9.8:
    dependencies:
      '@types/react': 16.9.49
    dev: true
    resolution:
      integrity: sha512-ykkPQ+5nFknnlU6lDd947WbQ6TE3NNzbQAkInC2EKY1qeYdTKp7onFusmYZb+ityzx2YviqT6BXSu+LyWWJwcA==
  /@types/react-native/0.63.22:
    dependencies:
      '@types/react': 16.9.49
    dev: true
    resolution:
      integrity: sha512-T+ST35WEwpLFAVCGZ4efujd7eHo1yPx3lwme79pg8sLr2EEhpFbblhXkHTJmENJBEL4FbB5suOS3sMn5kuvioQ==
  /@types/react/16.9.49:
    dependencies:
      '@types/prop-types': 15.7.3
      csstype: 3.0.3
    dev: true
    resolution:
      integrity: sha512-DtLFjSj0OYAdVLBbyjhuV9CdGVHCkHn2R+xr3XkBvK2rS1Y1tkc14XSGjYgm5Fjjr90AxH9tiSzc1pCFMGO06g==
  /@types/styled-components/5.1.3:
    dependencies:
      '@types/hoist-non-react-statics': 3.3.1
      '@types/react': 16.9.49
      '@types/react-native': 0.63.22
      csstype: 3.0.3
    dev: true
    resolution:
      integrity: sha512-HGpirof3WOhiX17lb61Q/tpgqn48jxO8EfZkdJ8ueYqwLbK2AHQe/G08DasdA2IdKnmwOIP1s9X2bopxKXgjRw==
  /array-filter/1.0.0:
    dev: false
    resolution:
      integrity: sha1-uveeYubvTCpMC4MSMtr/7CUfnYM=
  /available-typed-arrays/1.0.2:
    dependencies:
      array-filter: 1.0.0
    dev: false
    engines:
      node: '>= 0.4'
    resolution:
      integrity: sha512-XWX3OX8Onv97LMk/ftVyBibpGwY5a8SmuxZPzeOxqmuEqUCOM9ZE+uIaD1VNJ5QnvU2UQusvmKbuM1FR8QWGfQ==
  /csstype/3.0.3:
    dev: true
    resolution:
      integrity: sha512-jPl+wbWPOWJ7SXsWyqGRk3lGecbar0Cb0OvZF/r/ZU011R4YqiRehgkQ9p4eQfo9DSDLqLL3wHwfxeJiuIsNag==
  /deep-equal/2.0.3:
    dependencies:
      es-abstract: 1.17.6
      es-get-iterator: 1.1.0
      is-arguments: 1.0.4
      is-date-object: 1.0.2
      is-regex: 1.1.1
      isarray: 2.0.5
      object-is: 1.1.2
      object-keys: 1.1.1
      object.assign: 4.1.1
      regexp.prototype.flags: 1.3.0
      side-channel: 1.0.3
      which-boxed-primitive: 1.0.1
      which-collection: 1.0.1
      which-typed-array: 1.1.2
    dev: false
    resolution:
      integrity: sha512-Spqdl4H+ky45I9ByyJtXteOm9CaIrPmnIPmOhrkKGNYWeDgCvJ8jNYVCTjChxW4FqGuZnLHADc8EKRMX6+CgvA==
  /define-properties/1.1.3:
    dependencies:
      object-keys: 1.1.1
    dev: false
    engines:
      node: '>= 0.4'
    resolution:
      integrity: sha512-3MqfYKj2lLzdMSf8ZIZE/V+Zuy+BgD6f164e8K2w7dgnpKArBDerGYpM46IYYcjnkdPNMjPk9A6VFB8+3SKlXQ==
  /es-abstract/1.17.6:
    dependencies:
      es-to-primitive: 1.2.1
      function-bind: 1.1.1
      has: 1.0.3
      has-symbols: 1.0.1
      is-callable: 1.2.2
      is-regex: 1.1.1
      object-inspect: 1.8.0
      object-keys: 1.1.1
      object.assign: 4.1.1
      string.prototype.trimend: 1.0.1
      string.prototype.trimstart: 1.0.1
    dev: false
    engines:
      node: '>= 0.4'
    resolution:
      integrity: sha512-Fr89bON3WFyUi5EvAeI48QTWX0AyekGgLA8H+c+7fbfCkJwRWRMLd8CQedNEyJuoYYhmtEqY92pgte1FAhBlhw==
  /es-abstract/1.18.0-next.0:
    dependencies:
      es-to-primitive: 1.2.1
      function-bind: 1.1.1
      has: 1.0.3
      has-symbols: 1.0.1
      is-callable: 1.2.2
      is-negative-zero: 2.0.0
      is-regex: 1.1.1
      object-inspect: 1.8.0
      object-keys: 1.1.1
      object.assign: 4.1.1
      string.prototype.trimend: 1.0.1
      string.prototype.trimstart: 1.0.1
    dev: false
    engines:
      node: '>= 0.4'
    resolution:
      integrity: sha512-elZXTZXKn51hUBdJjSZGYRujuzilgXo8vSPQzjGYXLvSlGiCo8VO8ZGV3kjo9a0WNJJ57hENagwbtlRuHuzkcQ==
  /es-get-iterator/1.1.0:
    dependencies:
      es-abstract: 1.17.6
      has-symbols: 1.0.1
      is-arguments: 1.0.4
      is-map: 2.0.1
      is-set: 2.0.1
      is-string: 1.0.5
      isarray: 2.0.5
    dev: false
    resolution:
      integrity: sha512-UfrmHuWQlNMTs35e1ypnvikg6jCz3SK8v8ImvmDsh36fCVUR1MqoFDiyn0/k52C8NqO3YsO8Oe0azeesNuqSsQ==
  /es-to-primitive/1.2.1:
    dependencies:
      is-callable: 1.2.2
      is-date-object: 1.0.2
      is-symbol: 1.0.3
    dev: false
    engines:
      node: '>= 0.4'
    resolution:
      integrity: sha512-QCOllgZJtaUo9miYBcLChTUaHNjJF3PYs1VidD7AwiEj1kYxKeQTctLAezAOH5ZKRH0g2IgPn6KwB4IT8iRpvA==
  /foreach/2.0.5:
    dev: false
    resolution:
      integrity: sha1-C+4AUBiusmDQo6865ljdATbsG5k=
  /function-bind/1.1.1:
    dev: false
    resolution:
      integrity: sha512-yIovAzMX49sF8Yl58fSCWJ5svSLuaibPxXQJFLmBObTuCr0Mf1KiPopGM9NiFjiYBCbfaa2Fh6breQ6ANVTI0A==
  /has-symbols/1.0.1:
    dev: false
    engines:
      node: '>= 0.4'
    resolution:
      integrity: sha512-PLcsoqu++dmEIZB+6totNFKq/7Do+Z0u4oT0zKOJNl3lYK6vGwwu2hjHs+68OEZbTjiUE9bgOABXbP/GvrS0Kg==
  /has/1.0.3:
    dependencies:
      function-bind: 1.1.1
    dev: false
    engines:
      node: '>= 0.4.0'
    resolution:
      integrity: sha512-f2dvO0VU6Oej7RkWJGrehjbzMAjFp5/VKPp5tTpWIV4JHHZK1/BxbFRtf/siA2SWTe09caDmVtYYzWEIbBS4zw==
  /hoist-non-react-statics/3.3.2:
    dependencies:
      react-is: 16.13.1
    dev: true
    resolution:
      integrity: sha512-/gGivxi8JPKWNm/W0jSmzcMPpfpPLc3dY/6GxhX2hQ9iGj3aDfklV4ET7NjKpSinLpJ5vafa9iiGIEZg10SfBw==
  /is-arguments/1.0.4:
    dev: false
    engines:
      node: '>= 0.4'
    resolution:
      integrity: sha512-xPh0Rmt8NE65sNzvyUmWgI1tz3mKq74lGA0mL8LYZcoIzKOzDh6HmrYm3d18k60nHerC8A9Km8kYu87zfSFnLA==
  /is-bigint/1.0.0:
    dev: false
    resolution:
      integrity: sha512-t5mGUXC/xRheCK431ylNiSkGGpBp8bHENBcENTkDT6ppwPzEVxNGZRvgvmOEfbWkFhA7D2GEuE2mmQTr78sl2g==
  /is-boolean-object/1.0.1:
    dev: false
    engines:
      node: '>= 0.4'
    resolution:
      integrity: sha512-TqZuVwa/sppcrhUCAYkGBk7w0yxfQQnxq28fjkO53tnK9FQXmdwz2JS5+GjsWQ6RByES1K40nI+yDic5c9/aAQ==
  /is-callable/1.2.2:
    dev: false
    engines:
      node: '>= 0.4'
    resolution:
      integrity: sha512-dnMqspv5nU3LoewK2N/y7KLtxtakvTuaCsU9FU50/QDmdbHNy/4/JuRtMHqRU22o3q+W89YQndQEeCVwK+3qrA==
  /is-date-object/1.0.2:
    dev: false
    engines:
      node: '>= 0.4'
    resolution:
      integrity: sha512-USlDT524woQ08aoZFzh3/Z6ch9Y/EWXEHQ/AaRN0SkKq4t2Jw2R2339tSXmwuVoY7LLlBCbOIlx2myP/L5zk0g==
  /is-map/2.0.1:
    dev: false
    resolution:
      integrity: sha512-T/S49scO8plUiAOA2DBTBG3JHpn1yiw0kRp6dgiZ0v2/6twi5eiB0rHtHFH9ZIrvlWc6+4O+m4zg5+Z833aXgw==
  /is-negative-zero/2.0.0:
    dev: false
    engines:
      node: '>= 0.4'
    resolution:
      integrity: sha1-lVOxIbD6wohp2p7UWeIMdUN4hGE=
  /is-number-object/1.0.4:
    dev: false
    engines:
      node: '>= 0.4'
    resolution:
      integrity: sha512-zohwelOAur+5uXtk8O3GPQ1eAcu4ZX3UwxQhUlfFFMNpUd83gXgjbhJh6HmB6LUNV/ieOLQuDwJO3dWJosUeMw==
  /is-regex/1.1.1:
    dependencies:
      has-symbols: 1.0.1
    dev: false
    engines:
      node: '>= 0.4'
    resolution:
      integrity: sha512-1+QkEcxiLlB7VEyFtyBg94e08OAsvq7FUBgApTq/w2ymCLyKJgDPsybBENVtA7XCQEgEXxKPonG+mvYRxh/LIg==
  /is-set/2.0.1:
    dev: false
    resolution:
      integrity: sha512-eJEzOtVyenDs1TMzSQ3kU3K+E0GUS9sno+F0OBT97xsgcJsF9nXMBtkT9/kut5JEpM7oL7X/0qxR17K3mcwIAA==
  /is-string/1.0.5:
    dev: false
    engines:
      node: '>= 0.4'
    resolution:
      integrity: sha512-buY6VNRjhQMiF1qWDouloZlQbRhDPCebwxSjxMjxgemYT46YMd2NR0/H+fBhEfWX4A/w9TBJ+ol+okqJKFE6vQ==
  /is-symbol/1.0.3:
    dependencies:
      has-symbols: 1.0.1
    dev: false
    engines:
      node: '>= 0.4'
    resolution:
      integrity: sha512-OwijhaRSgqvhm/0ZdAcXNZt9lYdKFpcRDT5ULUuYXPoT794UNOdU+gpT6Rzo7b4V2HUl/op6GqY894AZwv9faQ==
  /is-typed-array/1.1.3:
    dependencies:
      available-typed-arrays: 1.0.2
      es-abstract: 1.17.6
      foreach: 2.0.5
      has-symbols: 1.0.1
    dev: false
    engines:
      node: '>= 0.4'
    resolution:
      integrity: sha512-BSYUBOK/HJibQ30wWkWold5txYwMUXQct9YHAQJr8fSwvZoiglcqB0pd7vEN23+Tsi9IUEjztdOSzl4qLVYGTQ==
  /is-weakmap/2.0.1:
    dev: false
    resolution:
      integrity: sha512-NSBR4kH5oVj1Uwvv970ruUkCV7O1mzgVFO4/rev2cLRda9Tm9HrL70ZPut4rOHgY0FNrUu9BCbXA2sdQ+x0chA==
  /is-weakset/2.0.1:
    dev: false
    resolution:
      integrity: sha512-pi4vhbhVHGLxohUw7PhGsueT4vRGFoXhP7+RGN0jKIv9+8PWYCQTqtADngrxOm2g46hoH0+g8uZZBzMrvVGDmw==
  /isarray/2.0.5:
    dev: false
    resolution:
      integrity: sha512-xHjhDr3cNBK0BzdUJSPXZntQUx/mwMS5Rw4A7lPJ90XGAO6ISP/ePDNuo0vhqOZU+UD5JoodwCAAoZQd3FeAKw==
  /object-inspect/1.8.0:
    dev: false
    resolution:
      integrity: sha512-jLdtEOB112fORuypAyl/50VRVIBIdVQOSUUGQHzJ4xBSbit81zRarz7GThkEFZy1RceYrWYcPcBFPQwHyAc1gA==
  /object-is/1.1.2:
    dependencies:
      define-properties: 1.1.3
      es-abstract: 1.17.6
    dev: false
    engines:
      node: '>= 0.4'
    resolution:
      integrity: sha512-5lHCz+0uufF6wZ7CRFWJN3hp8Jqblpgve06U5CMQ3f//6iDjPr2PEo9MWCjEssDsa+UZEL4PkFpr+BMop6aKzQ==
  /object-keys/1.1.1:
    dev: false
    engines:
      node: '>= 0.4'
    resolution:
      integrity: sha512-NuAESUOUMrlIXOfHKzD6bpPu3tYt3xvjNdRIQ+FeT0lNb4K8WR70CaDxhuNguS2XG+GjkyMwOzsN5ZktImfhLA==
  /object.assign/4.1.1:
    dependencies:
      define-properties: 1.1.3
      es-abstract: 1.18.0-next.0
      has-symbols: 1.0.1
      object-keys: 1.1.1
    dev: false
    engines:
      node: '>= 0.4'
    resolution:
      integrity: sha512-VT/cxmx5yaoHSOTSyrCygIDFco+RsibY2NM0a4RdEeY/4KgqezwFtK1yr3U67xYhqJSlASm2pKhLVzPj2lr4bA==
  /react-is/16.13.1:
    dev: true
    resolution:
      integrity: sha512-24e6ynE2H+OKt4kqsOvNd8kBpV65zoxbA4BVsEOB3ARVWQki/DHzaUoC5KuON/BiccDaCCTZBuOcfZs70kR8bQ==
  /regexp.prototype.flags/1.3.0:
    dependencies:
      define-properties: 1.1.3
      es-abstract: 1.17.6
    dev: false
    engines:
      node: '>= 0.4'
    resolution:
      integrity: sha512-2+Q0C5g951OlYlJz6yu5/M33IcsESLlLfsyIaLJaG4FA2r4yP8MvVMJUUP/fVBkSpbbbZlS5gynbEWLipiiXiQ==
  /side-channel/1.0.3:
    dependencies:
      es-abstract: 1.18.0-next.0
      object-inspect: 1.8.0
    dev: false
    resolution:
      integrity: sha512-A6+ByhlLkksFoUepsGxfj5x1gTSrs+OydsRptUxeNCabQpCFUvcwIczgOigI8vhY/OJCnPnyE9rGiwgvr9cS1g==
  /string.prototype.trimend/1.0.1:
    dependencies:
      define-properties: 1.1.3
      es-abstract: 1.17.6
    dev: false
    resolution:
      integrity: sha512-LRPxFUaTtpqYsTeNKaFOw3R4bxIzWOnbQ837QfBylo8jIxtcbK/A/sMV7Q+OAV/vWo+7s25pOE10KYSjaSO06g==
  /string.prototype.trimstart/1.0.1:
    dependencies:
      define-properties: 1.1.3
      es-abstract: 1.17.6
    dev: false
    resolution:
      integrity: sha512-XxZn+QpvrBI1FOcg6dIpxUPgWCPuNXvMD72aaRaUQv1eD4e/Qy8i/hFTe0BUmD60p/QA6bh1avmuPTfNjqVWRw==
  /tslib/2.0.1:
    dev: true
    resolution:
      integrity: sha512-SgIkNheinmEBgx1IUNirK0TUD4X9yjjBRTqqjggWCU3pUEqIk3/Uwl3yRixYKT6WjQuGiwDv4NomL3wqRCj+CQ==
  /typescript/4.0.3:
    dev: true
    engines:
      node: '>=4.2.0'
    hasBin: true
    resolution:
      integrity: sha512-tEu6DGxGgRJPb/mVPIZ48e69xCn2yRmCgYmDugAVwmJ6o+0u1RI18eO7E7WBTLYLaEVVOhwQmcdhQHweux/WPg==
  /which-boxed-primitive/1.0.1:
    dependencies:
      is-bigint: 1.0.0
      is-boolean-object: 1.0.1
      is-number-object: 1.0.4
      is-string: 1.0.5
      is-symbol: 1.0.3
    dev: false
    resolution:
      integrity: sha512-7BT4TwISdDGBgaemWU0N0OU7FeAEJ9Oo2P1PHRm/FCWoEi2VLWC9b6xvxAA3C/NMpxg3HXVgi0sMmGbNUbNepQ==
  /which-collection/1.0.1:
    dependencies:
      is-map: 2.0.1
      is-set: 2.0.1
      is-weakmap: 2.0.1
      is-weakset: 2.0.1
    dev: false
    resolution:
      integrity: sha512-W8xeTUwaln8i3K/cY1nGXzdnVZlidBcagyNFtBdD5kxnb4TvGKR7FfSIS3mYpwWS1QUCutfKz8IY8RjftB0+1A==
  /which-typed-array/1.1.2:
    dependencies:
      available-typed-arrays: 1.0.2
      es-abstract: 1.17.6
      foreach: 2.0.5
      function-bind: 1.1.1
      has-symbols: 1.0.1
      is-typed-array: 1.1.3
    dev: false
    engines:
      node: '>= 0.4'
    resolution:
      integrity: sha512-KT6okrd1tE6JdZAy3o2VhMoYPh3+J6EMZLyrxBQsZflI1QCZIxMrIYLkosd8Twf+YfknVIHmYQPgJt238p8dnQ==
