dependencies:
  '@fantastic-images/types': 'link:../../../fantastic-images/packages/types'
  '@ui5/react-user-interface': 'link:../../../ui5-monorepo/packages/react-user-interface'
  '@ui5/shared-lib': 'link:../../../ui5-monorepo/packages/shared-lib'
devDependencies:
  '@types/react': 16.9.49
  '@types/react-dom': 16.9.8
  tslib: 2.0.1
  typescript: 4.0.2
lockfileVersion: 5.1
packages:
  /@types/prop-types/15.7.3:
    dev: true
    resolution:
      integrity: sha512-KfRL3PuHmqQLOG+2tGpRO26Ctg+Cq1E01D2DMriKEATHgWLfeNDmq9e29Q9WIky0dQ3NPkd1mzYH8Lm936Z9qw==
  /@types/react-dom/16.9.8:
    dependencies:
      '@types/react': 16.9.49
    dev: true
    resolution:
      integrity: sha512-ykkPQ+5nFknnlU6lDd947WbQ6TE3NNzbQAkInC2EKY1qeYdTKp7onFusmYZb+ityzx2YviqT6BXSu+LyWWJwcA==
  /@types/react/16.9.49:
    dependencies:
      '@types/prop-types': 15.7.3
      csstype: 3.0.3
    dev: true
    resolution:
      integrity: sha512-DtLFjSj0OYAdVLBbyjhuV9CdGVHCkHn2R+xr3XkBvK2rS1Y1tkc14XSGjYgm5Fjjr90AxH9tiSzc1pCFMGO06g==
  /csstype/3.0.3:
    dev: true
    resolution:
      integrity: sha512-jPl+wbWPOWJ7SXsWyqGRk3lGecbar0Cb0OvZF/r/ZU011R4YqiRehgkQ9p4eQfo9DSDLqLL3wHwfxeJiuIsNag==
  /tslib/2.0.1:
    dev: true
    resolution:
      integrity: sha512-SgIkNheinmEBgx1IUNirK0TUD4X9yjjBRTqqjggWCU3pUEqIk3/Uwl3yRixYKT6WjQuGiwDv4NomL3wqRCj+CQ==
  /typescript/4.0.2:
    dev: true
    engines:
      node: '>=4.2.0'
    hasBin: true
    resolution:
      integrity: sha512-e4ERvRV2wb+rRZ/IQeb3jm2VxBsirQLpQhdxplZ2MEzGvDkkMmPglecnNDfSUBivMjP93vRbngYYDQqQ/78bcQ==
specifiers:
  '@fantastic-images/types': 'link:../../../fantastic-images/packages/types'
  '@types/react': ^16.9.49
  '@types/react-dom': ^16.9.8
  '@ui5/react-user-interface': 'link:../../../ui5-monorepo/packages/react-user-interface'
  '@ui5/shared-lib': 'link:../../../ui5-monorepo/packages/shared-lib'
  tslib: ^2.0.1
  typescript: ^4.0.2
